// !$*UTF8*$!
{
	archiveVersion = 1;
	classes = {
	};
	objectVersion = 50;
	objects = {

/* Begin PBXBuildFile section */
		1AAF61D02230F06700C4060D /* AppDelegate.m in Sources */ = {isa = PBXBuildFile; fileRef = 1AAF61CF2230F06700C4060D /* AppDelegate.m */; };
		1AAF61D62230F06700C4060D /* Main.storyboard in Resources */ = {isa = PBXBuildFile; fileRef = 1AAF61D42230F06700C4060D /* Main.storyboard */; };
		1AAF61D82230F06800C4060D /* Assets.xcassets in Resources */ = {isa = PBXBuildFile; fileRef = 1AAF61D72230F06800C4060D /* Assets.xcassets */; };
		1AAF61DB2230F06800C4060D /* LaunchScreen.storyboard in Resources */ = {isa = PBXBuildFile; fileRef = 1AAF61D92230F06800C4060D /* LaunchScreen.storyboard */; };
		1AAF61DE2230F06800C4060D /* main.m in Sources */ = {isa = PBXBuildFile; fileRef = 1AAF61DD2230F06800C4060D /* main.m */; };
		1AAF61E62234B21300C4060D /* GameViewController.m in Sources */ = {isa = PBXBuildFile; fileRef = 1AAF61E52234B21300C4060D /* GameViewController.m */; };
		1AAF61E92234B6BD00C4060D /* MPCManager.m in Sources */ = {isa = PBXBuildFile; fileRef = 1AAF61E82234B6BD00C4060D /* MPCManager.m */; };
		1AAF62112235E38200C4060D /* PeersTableViewController.m in Sources */ = {isa = PBXBuildFile; fileRef = 1AAF62102235E38200C4060D /* PeersTableViewController.m */; };
		1AAF621422377C5000C4060D /* MultipeerConnectivity.framework in Frameworks */ = {isa = PBXBuildFile; fileRef = 1AAF621322377C5000C4060D /* MultipeerConnectivity.framework */; };
/* End PBXBuildFile section */

/* Begin PBXFileReference section */
		1AAF61CB2230F06700C4060D /* chat-app.app */ = {isa = PBXFileReference; explicitFileType = wrapper.application; includeInIndex = 0; path = "chat-app.app"; sourceTree = BUILT_PRODUCTS_DIR; };
		1AAF61CE2230F06700C4060D /* AppDelegate.h */ = {isa = PBXFileReference; lastKnownFileType = sourcecode.c.h; path = AppDelegate.h; sourceTree = "<group>"; };
		1AAF61CF2230F06700C4060D /* AppDelegate.m */ = {isa = PBXFileReference; lastKnownFileType = sourcecode.c.objc; path = AppDelegate.m; sourceTree = "<group>"; };
		1AAF61D52230F06700C4060D /* Base */ = {isa = PBXFileReference; lastKnownFileType = file.storyboard; name = Base; path = Base.lproj/Main.storyboard; sourceTree = "<group>"; };
		1AAF61D72230F06800C4060D /* Assets.xcassets */ = {isa = PBXFileReference; lastKnownFileType = folder.assetcatalog; path = Assets.xcassets; sourceTree = "<group>"; };
		1AAF61DA2230F06800C4060D /* Base */ = {isa = PBXFileReference; lastKnownFileType = file.storyboard; name = Base; path = Base.lproj/LaunchScreen.storyboard; sourceTree = "<group>"; };
		1AAF61DC2230F06800C4060D /* Info.plist */ = {isa = PBXFileReference; lastKnownFileType = text.plist.xml; path = Info.plist; sourceTree = "<group>"; };
		1AAF61DD2230F06800C4060D /* main.m */ = {isa = PBXFileReference; lastKnownFileType = sourcecode.c.objc; path = main.m; sourceTree = "<group>"; };
		1AAF61E42234B21300C4060D /* GameViewController.h */ = {isa = PBXFileReference; lastKnownFileType = sourcecode.c.h; path = GameViewController.h; sourceTree = "<group>"; };
		1AAF61E52234B21300C4060D /* GameViewController.m */ = {isa = PBXFileReference; lastKnownFileType = sourcecode.c.objc; path = GameViewController.m; sourceTree = "<group>"; };
		1AAF61E72234B6BD00C4060D /* MPCManager.h */ = {isa = PBXFileReference; lastKnownFileType = sourcecode.c.h; path = MPCManager.h; sourceTree = "<group>"; };
		1AAF61E82234B6BD00C4060D /* MPCManager.m */ = {isa = PBXFileReference; lastKnownFileType = sourcecode.c.objc; path = MPCManager.m; sourceTree = "<group>"; };
		1AAF620F2235E38200C4060D /* PeersTableViewController.h */ = {isa = PBXFileReference; lastKnownFileType = sourcecode.c.h; path = PeersTableViewController.h; sourceTree = "<group>"; };
		1AAF62102235E38200C4060D /* PeersTableViewController.m */ = {isa = PBXFileReference; lastKnownFileType = sourcecode.c.objc; path = PeersTableViewController.m; sourceTree = "<group>"; };
		1AAF621322377C5000C4060D /* MultipeerConnectivity.framework */ = {isa = PBXFileReference; lastKnownFileType = wrapper.framework; name = MultipeerConnectivity.framework; path = System/Library/Frameworks/MultipeerConnectivity.framework; sourceTree = SDKROOT; };
/* End PBXFileReference section */

/* Begin PBXFrameworksBuildPhase section */
		1AAF61C82230F06700C4060D /* Frameworks */ = {
			isa = PBXFrameworksBuildPhase;
			buildActionMask = 2147483647;
			files = (
				1AAF621422377C5000C4060D /* MultipeerConnectivity.framework in Frameworks */,
			);
			runOnlyForDeploymentPostprocessing = 0;
		};
/* End PBXFrameworksBuildPhase section */

/* Begin PBXGroup section */
		1AAF61C22230F06700C4060D = {
			isa = PBXGroup;
			children = (
				1AAF61CD2230F06700C4060D /* chat-app */,
				1AAF61CC2230F06700C4060D /* Products */,
				1AAF621222377C4F00C4060D /* Frameworks */,
			);
			sourceTree = "<group>";
		};
		1AAF61CC2230F06700C4060D /* Products */ = {
			isa = PBXGroup;
			children = (
				1AAF61CB2230F06700C4060D /* chat-app.app */,
			);
			name = Products;
			sourceTree = "<group>";
		};
		1AAF61CD2230F06700C4060D /* chat-app */ = {
			isa = PBXGroup;
			children = (
				1AAF61CE2230F06700C4060D /* AppDelegate.h */,
				1AAF61CF2230F06700C4060D /* AppDelegate.m */,
				1AAF61D42230F06700C4060D /* Main.storyboard */,
				1AAF61D72230F06800C4060D /* Assets.xcassets */,
				1AAF61D92230F06800C4060D /* LaunchScreen.storyboard */,
				1AAF61DC2230F06800C4060D /* Info.plist */,
				1AAF61DD2230F06800C4060D /* main.m */,
				1AAF61E42234B21300C4060D /* GameViewController.h */,
				1AAF61E52234B21300C4060D /* GameViewController.m */,
				1AAF61E72234B6BD00C4060D /* MPCManager.h */,
				1AAF61E82234B6BD00C4060D /* MPCManager.m */,
				1AAF620F2235E38200C4060D /* PeersTableViewController.h */,
				1AAF62102235E38200C4060D /* PeersTableViewController.m */,
			);
			path = "chat-app";
			sourceTree = "<group>";
		};
		1AAF621222377C4F00C4060D /* Frameworks */ = {
			isa = PBXGroup;
			children = (
				1AAF621322377C5000C4060D /* MultipeerConnectivity.framework */,
			);
			name = Frameworks;
			sourceTree = "<group>";
		};
/* End PBXGroup section */

/* Begin PBXNativeTarget section */
		1AAF61CA2230F06700C4060D /* chat-app */ = {
			isa = PBXNativeTarget;
			buildConfigurationList = 1AAF61E12230F06800C4060D /* Build configuration list for PBXNativeTarget "chat-app" */;
			buildPhases = (
				1AAF61C72230F06700C4060D /* Sources */,
				1AAF61C82230F06700C4060D /* Frameworks */,
				1AAF61C92230F06700C4060D /* Resources */,
			);
			buildRules = (
			);
			dependencies = (
			);
			name = "chat-app";
			productName = "chat-app";
			productReference = 1AAF61CB2230F06700C4060D /* chat-app.app */;
			productType = "com.apple.product-type.application";
		};
/* End PBXNativeTarget section */

/* Begin PBXProject section */
		1AAF61C32230F06700C4060D /* Project object */ = {
			isa = PBXProject;
			attributes = {
				LastUpgradeCheck = 1010;
				ORGANIZATIONNAME = "Yong Su";
				TargetAttributes = {
					1AAF61CA2230F06700C4060D = {
						CreatedOnToolsVersion = 10.1;
					};
				};
			};
			buildConfigurationList = 1AAF61C62230F06700C4060D /* Build configuration list for PBXProject "chat-app" */;
			compatibilityVersion = "Xcode 9.3";
			developmentRegion = en;
			hasScannedForEncodings = 0;
			knownRegions = (
				en,
				Base,
			);
			mainGroup = 1AAF61C22230F06700C4060D;
			productRefGroup = 1AAF61CC2230F06700C4060D /* Products */;
			projectDirPath = "";
			projectRoot = "";
			targets = (
				1AAF61CA2230F06700C4060D /* chat-app */,
			);
		};
/* End PBXProject section */

/* Begin PBXResourcesBuildPhase section */
		1AAF61C92230F06700C4060D /* Resources */ = {
			isa = PBXResourcesBuildPhase;
			buildActionMask = 2147483647;
			files = (
				1AAF61DB2230F06800C4060D /* LaunchScreen.storyboard in Resources */,
				1AAF61D82230F06800C4060D /* Assets.xcassets in Resources */,
				1AAF61D62230F06700C4060D /* Main.storyboard in Resources */,
			);
			runOnlyForDeploymentPostprocessing = 0;
		};
/* End PBXResourcesBuildPhase section */

/* Begin PBXSourcesBuildPhase section */
		1AAF61C72230F06700C4060D /* Sources */ = {
			isa = PBXSourcesBuildPhase;
			buildActionMask = 2147483647;
			files = (
				1AAF62112235E38200C4060D /* PeersTableViewController.m in Sources */,
				1AAF61E62234B21300C4060D /* GameViewController.m in Sources */,
				1AAF61DE2230F06800C4060D /* main.m in Sources */,
				1AAF61E92234B6BD00C4060D /* MPCManager.m in Sources */,
				1AAF61D02230F06700C4060D /* AppDelegate.m in Sources */,
			);
			runOnlyForDeploymentPostprocessing = 0;
		};
/* End PBXSourcesBuildPhase section */

/* Begin PBXVariantGroup section */
		1AAF61D42230F06700C4060D /* Main.storyboard */ = {
			isa = PBXVariantGroup;
			children = (
				1AAF61D52230F06700C4060D /* Base */,
			);
			name = Main.storyboard;
			sourceTree = "<group>";
		};
		1AAF61D92230F06800C4060D /* LaunchScreen.storyboard */ = {
			isa = PBXVariantGroup;
			children = (
				1AAF61DA2230F06800C4060D /* Base */,
			);
			name = LaunchScreen.storyboard;
			sourceTree = "<group>";
		};
/* End PBXVariantGroup section */

/* Begin XCBuildConfiguration section */
		1AAF61DF2230F06800C4060D /* Debug */ = {
			isa = XCBuildConfiguration;
			buildSettings = {
				ALWAYS_SEARCH_USER_PATHS = NO;
				CLANG_ANALYZER_NONNULL = YES;
				CLANG_ANALYZER_NUMBER_OBJECT_CONVERSION = YES_AGGRESSIVE;
				CLANG_CXX_LANGUAGE_STANDARD = "gnu++14";
				CLANG_CXX_LIBRARY = "libc++";
				CLANG_ENABLE_MODULES = YES;
				CLANG_ENABLE_OBJC_ARC = YES;
				CLANG_ENABLE_OBJC_WEAK = YES;
				CLANG_WARN_BLOCK_CAPTURE_AUTORELEASING = YES;
				CLANG_WARN_BOOL_CONVERSION = YES;
				CLANG_WARN_COMMA = YES;
				CLANG_WARN_CONSTANT_CONVERSION = YES;
				CLANG_WARN_DEPRECATED_OBJC_IMPLEMENTATIONS = YES;
				CLANG_WARN_DIRECT_OBJC_ISA_USAGE = YES_ERROR;
				CLANG_WARN_DOCUMENTATION_COMMENTS = YES;
				CLANG_WARN_EMPTY_BODY = YES;
				CLANG_WARN_ENUM_CONVERSION = YES;
				CLANG_WARN_INFINITE_RECURSION = YES;
				CLANG_WARN_INT_CONVERSION = YES;
				CLANG_WARN_NON_LITERAL_NULL_CONVERSION = YES;
				CLANG_WARN_OBJC_IMPLICIT_RETAIN_SELF = YES;
				CLANG_WARN_OBJC_LITERAL_CONVERSION = YES;
				CLANG_WARN_OBJC_ROOT_CLASS = YES_ERROR;
				CLANG_WARN_RANGE_LOOP_ANALYSIS = YES;
				CLANG_WARN_STRICT_PROTOTYPES = YES;
				CLANG_WARN_SUSPICIOUS_MOVE = YES;
				CLANG_WARN_UNGUARDED_AVAILABILITY = YES_AGGRESSIVE;
				CLANG_WARN_UNREACHABLE_CODE = YES;
				CLANG_WARN__DUPLICATE_METHOD_MATCH = YES;
				CODE_SIGN_IDENTITY = "iPhone Developer";
				COPY_PHASE_STRIP = NO;
				DEBUG_INFORMATION_FORMAT = dwarf;
				ENABLE_STRICT_OBJC_MSGSEND = YES;
				ENABLE_TESTABILITY = YES;
				GCC_C_LANGUAGE_STANDARD = gnu11;
				GCC_DYNAMIC_NO_PIC = NO;
				GCC_NO_COMMON_BLOCKS = YES;
				GCC_OPTIMIZATION_LEVEL = 0;
				GCC_PREPROCESSOR_DEFINITIONS = (
					"DEBUG=1",
					"$(inherited)",
				);
				GCC_WARN_64_TO_32_BIT_CONVERSION = YES;
				GCC_WARN_ABOUT_RETURN_TYPE = YES_ERROR;
				GCC_WARN_UNDECLARED_SELECTOR = YES;
				GCC_WARN_UNINITIALIZED_AUTOS = YES_AGGRESSIVE;
				GCC_WARN_UNUSED_FUNCTION = YES;
				GCC_WARN_UNUSED_VARIABLE = YES;
				IPHONEOS_DEPLOYMENT_TARGET = 12.1;
				MTL_ENABLE_DEBUG_INFO = INCLUDE_SOURCE;
				MTL_FAST_MATH = YES;
				ONLY_ACTIVE_ARCH = YES;
				SDKROOT = iphoneos;
			};
			name = Debug;
		};
		1AAF61E02230F06800C4060D /* Release */ = {
			isa = XCBuildConfiguration;
			buildSettings = {
				ALWAYS_SEARCH_USER_PATHS = NO;
				CLANG_ANALYZER_NONNULL = YES;
				CLANG_ANALYZER_NUMBER_OBJECT_CONVERSION = YES_AGGRESSIVE;
				CLANG_CXX_LANGUAGE_STANDARD = "gnu++14";
				CLANG_CXX_LIBRARY = "libc++";
				CLANG_ENABLE_MODULES = YES;
				CLANG_ENABLE_OBJC_ARC = YES;
				CLANG_ENABLE_OBJC_WEAK = YES;
				CLANG_WARN_BLOCK_CAPTURE_AUTORELEASING = YES;
				CLANG_WARN_BOOL_CONVERSION = YES;
				CLANG_WARN_COMMA = YES;
				CLANG_WARN_CONSTANT_CONVERSION = YES;
				CLANG_WARN_DEPRECATED_OBJC_IMPLEMENTATIONS = YES;
				CLANG_WARN_DIRECT_OBJC_ISA_USAGE = YES_ERROR;
				CLANG_WARN_DOCUMENTATION_COMMENTS = YES;
				CLANG_WARN_EMPTY_BODY = YES;
				CLANG_WARN_ENUM_CONVERSION = YES;
				CLANG_WARN_INFINITE_RECURSION = YES;
				CLANG_WARN_INT_CONVERSION = YES;
				CLANG_WARN_NON_LITERAL_NULL_CONVERSION = YES;
				CLANG_WARN_OBJC_IMPLICIT_RETAIN_SELF = YES;
				CLANG_WARN_OBJC_LITERAL_CONVERSION = YES;
				CLANG_WARN_OBJC_ROOT_CLASS = YES_ERROR;
				CLANG_WARN_RANGE_LOOP_ANALYSIS = YES;
				CLANG_WARN_STRICT_PROTOTYPES = YES;
				CLANG_WARN_SUSPICIOUS_MOVE = YES;
				CLANG_WARN_UNGUARDED_AVAILABILITY = YES_AGGRESSIVE;
				CLANG_WARN_UNREACHABLE_CODE = YES;
				CLANG_WARN__DUPLICATE_METHOD_MATCH = YES;
				CODE_SIGN_IDENTITY = "iPhone Developer";
				COPY_PHASE_STRIP = NO;
				DEBUG_INFORMATION_FORMAT = "dwarf-with-dsym";
				ENABLE_NS_ASSERTIONS = NO;
				ENABLE_STRICT_OBJC_MSGSEND = YES;
				GCC_C_LANGUAGE_STANDARD = gnu11;
				GCC_NO_COMMON_BLOCKS = YES;
				GCC_WARN_64_TO_32_BIT_CONVERSION = YES;
				GCC_WARN_ABOUT_RETURN_TYPE = YES_ERROR;
				GCC_WARN_UNDECLARED_SELECTOR = YES;
				GCC_WARN_UNINITIALIZED_AUTOS = YES_AGGRESSIVE;
				GCC_WARN_UNUSED_FUNCTION = YES;
				GCC_WARN_UNUSED_VARIABLE = YES;
				IPHONEOS_DEPLOYMENT_TARGET = 12.1;
				MTL_ENABLE_DEBUG_INFO = NO;
				MTL_FAST_MATH = YES;
				SDKROOT = iphoneos;
				VALIDATE_PRODUCT = YES;
			};
			name = Release;
		};
		1AAF61E22230F06800C4060D /* Debug */ = {
			isa = XCBuildConfiguration;
			buildSettings = {
				ASSETCATALOG_COMPILER_APPICON_NAME = AppIcon;
				CODE_SIGN_IDENTITY = "iPhone Developer";
				CODE_SIGN_STYLE = Automatic;
				DEVELOPMENT_TEAM = DJEZ3HHH6P;
				INFOPLIST_FILE = "chat-app/Info.plist";
				LD_RUNPATH_SEARCH_PATHS = (
					"$(inherited)",
					"@executable_path/Frameworks",
				);
				PRODUCT_BUNDLE_IDENTIFIER = "jeantimex.chat-app";
				PRODUCT_NAME = "$(TARGET_NAME)";
				PROVISIONING_PROFILE_SPECIFIER = "";
				TARGETED_DEVICE_FAMILY = "1,2";
			};
			name = Debug;
		};
		1AAF61E32230F06800C4060D /* Release */ = {
			isa = XCBuildConfiguration;
			buildSettings = {
				ASSETCATALOG_COMPILER_APPICON_NAME = AppIcon;
				CODE_SIGN_IDENTITY = "iPhone Developer";
				CODE_SIGN_STYLE = Automatic;
				DEVELOPMENT_TEAM = DJEZ3HHH6P;
				INFOPLIST_FILE = "chat-app/Info.plist";
				LD_RUNPATH_SEARCH_PATHS = (
					"$(inherited)",
					"@executable_path/Frameworks",
				);
				PRODUCT_BUNDLE_IDENTIFIER = "jeantimex.chat-app";
				PRODUCT_NAME = "$(TARGET_NAME)";
				PROVISIONING_PROFILE_SPECIFIER = "";
				TARGETED_DEVICE_FAMILY = "1,2";
			};
			name = Release;
		};
/* End XCBuildConfiguration section */

/* Begin XCConfigurationList section */
		1AAF61C62230F06700C4060D /* Build configuration list for PBXProject "chat-app" */ = {
			isa = XCConfigurationList;
			buildConfigurations = (
				1AAF61DF2230F06800C4060D /* Debug */,
				1AAF61E02230F06800C4060D /* Release */,
			);
			defaultConfigurationIsVisible = 0;
			defaultConfigurationName = Release;
		};
		1AAF61E12230F06800C4060D /* Build configuration list for PBXNativeTarget "chat-app" */ = {
			isa = XCConfigurationList;
			buildConfigurations = (
				1AAF61E22230F06800C4060D /* Debug */,
				1AAF61E32230F06800C4060D /* Release */,
			);
			defaultConfigurationIsVisible = 0;
			defaultConfigurationName = Release;
		};
/* End XCConfigurationList section */
	};
	rootObject = 1AAF61C32230F06700C4060D /* Project object */;
}
